
Microsoft Visual Studio Solution File, Format Version 12.00
# Visual Studio Version 17
VisualStudioVersion = 17.10.35122.118
MinimumVisualStudioVersion = 10.0.40219.1
Project("{FAE04EC0-301F-11D3-BF4B-00C04F79EFBC}") = "PrimeraVentana", "PrimeraVentana\PrimeraVentana.csproj", "{E6654F34-C558-4574-B3F3-3FFB4A3FC6AA}"
EndProject
Global
	GlobalSection(SolutionConfigurationPlatforms) = preSolution
		Debug|Any CPU = Debug|Any CPU
		Release|Any CPU = Release|Any CPU
	EndGlobalSection
	GlobalSection(ProjectConfigurationPlatforms) = postSolution
		{E6654F34-C558-4574-B3F3-3FFB4A3FC6AA}.Debug|Any CPU.ActiveCfg = Debug|Any CPU
		{E6654F34-C558-4574-B3F3-3FFB4A3FC6AA}.Debug|Any CPU.Build.0 = Debug|Any CPU
		{E6654F34-C558-4574-B3F3-3FFB4A3FC6AA}.Release|Any CPU.ActiveCfg = Release|Any CPU
		{E6654F34-C558-4574-B3F3-3FFB4A3FC6AA}.Release|Any CPU.Build.0 = Release|Any CPU
	EndGlobalSection
	GlobalSection(SolutionProperties) = preSolution
		HideSolutionNode = FALSE
	EndGlobalSection
	GlobalSection(ExtensibilityGlobals) = postSolution
		SolutionGuid = {3DBBF1B9-724E-4635-A2DD-21107205C0E5}
	EndGlobalSection
EndGlobal
